
Microsoft Visual Studio Solution File, Format Version 12.00
# Visual Studio 2013
VisualStudioVersion = 12.0.21005.1
MinimumVisualStudioVersion = 10.0.40219.1
Project("{FAE04EC0-301F-11D3-BF4B-00C04F79EFBC}") = "task1", "task1\task1.csproj", "{F9E3738D-7990-4B83-9AE0-B69B2537CF12}"
EndProject
Project("{FAE04EC0-301F-11D3-BF4B-00C04F79EFBC}") = "task0417", "task0417\task0417.csproj", "{C3386D49-29A7-431B-8A89-C342E30A8F2A}"
EndProject
Project("{2150E333-8FDC-42A3-9474-1A3956D46DE8}") = "Solution Items", "Solution Items", "{CEF9F5F5-69B7-47BE-8CAC-2DA70E6BD6E1}"
	ProjectSection(SolutionItems) = preProject
		js\task.js = js\task.js
	EndProjectSection
EndProject
Project("{FAE04EC0-301F-11D3-BF4B-00C04F79EFBC}") = "task668", "task668\task668.csproj", "{2AB1A1F5-CB7B-44F5-A27C-16D99DA60FC3}"
EndProject
Project("{FAE04EC0-301F-11D3-BF4B-00C04F79EFBC}") = "task285", "task285\task285.csproj", "{AAE39204-43D6-4819-84FD-53971D7C97FF}"
EndProject
Project("{FAE04EC0-301F-11D3-BF4B-00C04F79EFBC}") = "task0169", "task0169\task0169.csproj", "{C02E1F6E-3CD0-4068-8790-E405311538A6}"
EndProject
Project("{FAE04EC0-301F-11D3-BF4B-00C04F79EFBC}") = "task82", "task82\task82.csproj", "{72F4418E-BF0F-4271-9AAF-36026DB099BD}"
EndProject
Project("{FAE04EC0-301F-11D3-BF4B-00C04F79EFBC}") = "task368", "task368\task368.csproj", "{0F960CD8-51B6-4C8D-95F4-E4AAA2D3FDAB}"
EndProject
Project("{FAE04EC0-301F-11D3-BF4B-00C04F79EFBC}") = "task281", "task281\task281.csproj", "{9D387027-C9A6-4873-8F05-2F37988CDF3E}"
EndProject
Project("{FAE04EC0-301F-11D3-BF4B-00C04F79EFBC}") = "task359", "task359\task359.csproj", "{7FA5B67F-895E-4E72-8EEF-D364E66D9F8D}"
EndProject
Project("{FAE04EC0-301F-11D3-BF4B-00C04F79EFBC}") = "task29", "task29\task29.csproj", "{9C6FE525-0DEA-4D3E-AABB-1F2F7A1F6D04}"
EndProject
Project("{FAE04EC0-301F-11D3-BF4B-00C04F79EFBC}") = "task228", "task228\task228.csproj", "{28B06690-C85E-4BED-BAA7-C31DE728886B}"
EndProject
Project("{FAE04EC0-301F-11D3-BF4B-00C04F79EFBC}") = "task202", "task202\task202.csproj", "{E39A7491-78CF-41E3-BFE8-5D79F29E6DF7}"
EndProject
Project("{FAE04EC0-301F-11D3-BF4B-00C04F79EFBC}") = "task267", "task267\task267.csproj", "{CCC1DDC6-6F67-4E7A-BAC3-C134BFD5DAF0}"
EndProject
Project("{FAE04EC0-301F-11D3-BF4B-00C04F79EFBC}") = "task74", "task74\task74.csproj", "{C28AC095-C0A6-49C7-8095-25EA7F0F2676}"
EndProject
Project("{FAE04EC0-301F-11D3-BF4B-00C04F79EFBC}") = "task300", "task300\task300.csproj", "{74CDB4DA-6A0C-4CE8-8ED5-3C10A4D9E56E}"
EndProject
Project("{FAE04EC0-301F-11D3-BF4B-00C04F79EFBC}") = "task70", "task70\task70.csproj", "{7D4E9118-ECB9-4EFF-8FE5-E8FF408AE6FA}"
EndProject
Project("{FAE04EC0-301F-11D3-BF4B-00C04F79EFBC}") = "task330", "task330\task330.csproj", "{0621E4E8-5ED3-4954-BA3B-217F693ADCF1}"
EndProject
Project("{FAE04EC0-301F-11D3-BF4B-00C04F79EFBC}") = "task519", "task519\task519.csproj", "{813D5EC2-9CFE-4D76-B759-DB20F4B99F1F}"
EndProject
Project("{FAE04EC0-301F-11D3-BF4B-00C04F79EFBC}") = "task415", "task415\task415.csproj", "{BF44227E-0CF3-4811-AB3F-D3A82586A55F}"
EndProject
Project("{FAE04EC0-301F-11D3-BF4B-00C04F79EFBC}") = "task30", "task30\task30.csproj", "{F514ADB7-4B92-4383-8D3B-7DA57E1E6435}"
EndProject
Project("{FAE04EC0-301F-11D3-BF4B-00C04F79EFBC}") = "task343", "task343\task343.csproj", "{1C37A755-554C-4A44-8BBD-7D3ABDD25E88}"
EndProject
Project("{FAE04EC0-301F-11D3-BF4B-00C04F79EFBC}") = "task495", "task495\task495.csproj", "{8FE26A4D-FB28-4947-A8AF-E8FE19E988C5}"
EndProject
Project("{FAE04EC0-301F-11D3-BF4B-00C04F79EFBC}") = "task464", "task464\task464.csproj", "{35D265B0-5305-4465-A816-D60F3FAE2292}"
EndProject
Global
	GlobalSection(SolutionConfigurationPlatforms) = preSolution
		Debug|Any CPU = Debug|Any CPU
		Release|Any CPU = Release|Any CPU
	EndGlobalSection
	GlobalSection(ProjectConfigurationPlatforms) = postSolution
		{F9E3738D-7990-4B83-9AE0-B69B2537CF12}.Debug|Any CPU.ActiveCfg = Debug|Any CPU
		{F9E3738D-7990-4B83-9AE0-B69B2537CF12}.Debug|Any CPU.Build.0 = Debug|Any CPU
		{F9E3738D-7990-4B83-9AE0-B69B2537CF12}.Release|Any CPU.ActiveCfg = Release|Any CPU
		{F9E3738D-7990-4B83-9AE0-B69B2537CF12}.Release|Any CPU.Build.0 = Release|Any CPU
		{C3386D49-29A7-431B-8A89-C342E30A8F2A}.Debug|Any CPU.ActiveCfg = Debug|Any CPU
		{C3386D49-29A7-431B-8A89-C342E30A8F2A}.Debug|Any CPU.Build.0 = Debug|Any CPU
		{C3386D49-29A7-431B-8A89-C342E30A8F2A}.Release|Any CPU.ActiveCfg = Release|Any CPU
		{C3386D49-29A7-431B-8A89-C342E30A8F2A}.Release|Any CPU.Build.0 = Release|Any CPU
		{2AB1A1F5-CB7B-44F5-A27C-16D99DA60FC3}.Debug|Any CPU.ActiveCfg = Debug|Any CPU
		{2AB1A1F5-CB7B-44F5-A27C-16D99DA60FC3}.Debug|Any CPU.Build.0 = Debug|Any CPU
		{2AB1A1F5-CB7B-44F5-A27C-16D99DA60FC3}.Release|Any CPU.ActiveCfg = Release|Any CPU
		{2AB1A1F5-CB7B-44F5-A27C-16D99DA60FC3}.Release|Any CPU.Build.0 = Release|Any CPU
		{AAE39204-43D6-4819-84FD-53971D7C97FF}.Debug|Any CPU.ActiveCfg = Debug|Any CPU
		{AAE39204-43D6-4819-84FD-53971D7C97FF}.Debug|Any CPU.Build.0 = Debug|Any CPU
		{AAE39204-43D6-4819-84FD-53971D7C97FF}.Release|Any CPU.ActiveCfg = Release|Any CPU
		{AAE39204-43D6-4819-84FD-53971D7C97FF}.Release|Any CPU.Build.0 = Release|Any CPU
		{C02E1F6E-3CD0-4068-8790-E405311538A6}.Debug|Any CPU.ActiveCfg = Debug|Any CPU
		{C02E1F6E-3CD0-4068-8790-E405311538A6}.Debug|Any CPU.Build.0 = Debug|Any CPU
		{C02E1F6E-3CD0-4068-8790-E405311538A6}.Release|Any CPU.ActiveCfg = Release|Any CPU
		{C02E1F6E-3CD0-4068-8790-E405311538A6}.Release|Any CPU.Build.0 = Release|Any CPU
		{72F4418E-BF0F-4271-9AAF-36026DB099BD}.Debug|Any CPU.ActiveCfg = Debug|Any CPU
		{72F4418E-BF0F-4271-9AAF-36026DB099BD}.Debug|Any CPU.Build.0 = Debug|Any CPU
		{72F4418E-BF0F-4271-9AAF-36026DB099BD}.Release|Any CPU.ActiveCfg = Release|Any CPU
		{72F4418E-BF0F-4271-9AAF-36026DB099BD}.Release|Any CPU.Build.0 = Release|Any CPU
		{0F960CD8-51B6-4C8D-95F4-E4AAA2D3FDAB}.Debug|Any CPU.ActiveCfg = Debug|Any CPU
		{0F960CD8-51B6-4C8D-95F4-E4AAA2D3FDAB}.Debug|Any CPU.Build.0 = Debug|Any CPU
		{0F960CD8-51B6-4C8D-95F4-E4AAA2D3FDAB}.Release|Any CPU.ActiveCfg = Release|Any CPU
		{0F960CD8-51B6-4C8D-95F4-E4AAA2D3FDAB}.Release|Any CPU.Build.0 = Release|Any CPU
		{9D387027-C9A6-4873-8F05-2F37988CDF3E}.Debug|Any CPU.ActiveCfg = Debug|Any CPU
		{9D387027-C9A6-4873-8F05-2F37988CDF3E}.Debug|Any CPU.Build.0 = Debug|Any CPU
		{9D387027-C9A6-4873-8F05-2F37988CDF3E}.Release|Any CPU.ActiveCfg = Release|Any CPU
		{9D387027-C9A6-4873-8F05-2F37988CDF3E}.Release|Any CPU.Build.0 = Release|Any CPU
		{7FA5B67F-895E-4E72-8EEF-D364E66D9F8D}.Debug|Any CPU.ActiveCfg = Debug|Any CPU
		{7FA5B67F-895E-4E72-8EEF-D364E66D9F8D}.Debug|Any CPU.Build.0 = Debug|Any CPU
		{7FA5B67F-895E-4E72-8EEF-D364E66D9F8D}.Release|Any CPU.ActiveCfg = Release|Any CPU
		{7FA5B67F-895E-4E72-8EEF-D364E66D9F8D}.Release|Any CPU.Build.0 = Release|Any CPU
		{9C6FE525-0DEA-4D3E-AABB-1F2F7A1F6D04}.Debug|Any CPU.ActiveCfg = Debug|Any CPU
		{9C6FE525-0DEA-4D3E-AABB-1F2F7A1F6D04}.Debug|Any CPU.Build.0 = Debug|Any CPU
		{9C6FE525-0DEA-4D3E-AABB-1F2F7A1F6D04}.Release|Any CPU.ActiveCfg = Release|Any CPU
		{9C6FE525-0DEA-4D3E-AABB-1F2F7A1F6D04}.Release|Any CPU.Build.0 = Release|Any CPU
		{28B06690-C85E-4BED-BAA7-C31DE728886B}.Debug|Any CPU.ActiveCfg = Debug|Any CPU
		{28B06690-C85E-4BED-BAA7-C31DE728886B}.Debug|Any CPU.Build.0 = Debug|Any CPU
		{28B06690-C85E-4BED-BAA7-C31DE728886B}.Release|Any CPU.ActiveCfg = Release|Any CPU
		{28B06690-C85E-4BED-BAA7-C31DE728886B}.Release|Any CPU.Build.0 = Release|Any CPU
		{E39A7491-78CF-41E3-BFE8-5D79F29E6DF7}.Debug|Any CPU.ActiveCfg = Debug|Any CPU
		{E39A7491-78CF-41E3-BFE8-5D79F29E6DF7}.Debug|Any CPU.Build.0 = Debug|Any CPU
		{E39A7491-78CF-41E3-BFE8-5D79F29E6DF7}.Release|Any CPU.ActiveCfg = Release|Any CPU
		{E39A7491-78CF-41E3-BFE8-5D79F29E6DF7}.Release|Any CPU.Build.0 = Release|Any CPU
		{CCC1DDC6-6F67-4E7A-BAC3-C134BFD5DAF0}.Debug|Any CPU.ActiveCfg = Debug|Any CPU
		{CCC1DDC6-6F67-4E7A-BAC3-C134BFD5DAF0}.Debug|Any CPU.Build.0 = Debug|Any CPU
		{CCC1DDC6-6F67-4E7A-BAC3-C134BFD5DAF0}.Release|Any CPU.ActiveCfg = Release|Any CPU
		{CCC1DDC6-6F67-4E7A-BAC3-C134BFD5DAF0}.Release|Any CPU.Build.0 = Release|Any CPU
		{C28AC095-C0A6-49C7-8095-25EA7F0F2676}.Debug|Any CPU.ActiveCfg = Debug|Any CPU
		{C28AC095-C0A6-49C7-8095-25EA7F0F2676}.Debug|Any CPU.Build.0 = Debug|Any CPU
		{C28AC095-C0A6-49C7-8095-25EA7F0F2676}.Release|Any CPU.ActiveCfg = Release|Any CPU
		{C28AC095-C0A6-49C7-8095-25EA7F0F2676}.Release|Any CPU.Build.0 = Release|Any CPU
		{74CDB4DA-6A0C-4CE8-8ED5-3C10A4D9E56E}.Debug|Any CPU.ActiveCfg = Debug|Any CPU
		{74CDB4DA-6A0C-4CE8-8ED5-3C10A4D9E56E}.Debug|Any CPU.Build.0 = Debug|Any CPU
		{74CDB4DA-6A0C-4CE8-8ED5-3C10A4D9E56E}.Release|Any CPU.ActiveCfg = Release|Any CPU
		{74CDB4DA-6A0C-4CE8-8ED5-3C10A4D9E56E}.Release|Any CPU.Build.0 = Release|Any CPU
		{7D4E9118-ECB9-4EFF-8FE5-E8FF408AE6FA}.Debug|Any CPU.ActiveCfg = Debug|Any CPU
		{7D4E9118-ECB9-4EFF-8FE5-E8FF408AE6FA}.Debug|Any CPU.Build.0 = Debug|Any CPU
		{7D4E9118-ECB9-4EFF-8FE5-E8FF408AE6FA}.Release|Any CPU.ActiveCfg = Release|Any CPU
		{7D4E9118-ECB9-4EFF-8FE5-E8FF408AE6FA}.Release|Any CPU.Build.0 = Release|Any CPU
		{0621E4E8-5ED3-4954-BA3B-217F693ADCF1}.Debug|Any CPU.ActiveCfg = Debug|Any CPU
		{0621E4E8-5ED3-4954-BA3B-217F693ADCF1}.Debug|Any CPU.Build.0 = Debug|Any CPU
		{0621E4E8-5ED3-4954-BA3B-217F693ADCF1}.Release|Any CPU.ActiveCfg = Release|Any CPU
		{0621E4E8-5ED3-4954-BA3B-217F693ADCF1}.Release|Any CPU.Build.0 = Release|Any CPU
		{813D5EC2-9CFE-4D76-B759-DB20F4B99F1F}.Debug|Any CPU.ActiveCfg = Debug|Any CPU
		{813D5EC2-9CFE-4D76-B759-DB20F4B99F1F}.Debug|Any CPU.Build.0 = Debug|Any CPU
		{813D5EC2-9CFE-4D76-B759-DB20F4B99F1F}.Release|Any CPU.ActiveCfg = Release|Any CPU
		{813D5EC2-9CFE-4D76-B759-DB20F4B99F1F}.Release|Any CPU.Build.0 = Release|Any CPU
		{BF44227E-0CF3-4811-AB3F-D3A82586A55F}.Debug|Any CPU.ActiveCfg = Debug|Any CPU
		{BF44227E-0CF3-4811-AB3F-D3A82586A55F}.Debug|Any CPU.Build.0 = Debug|Any CPU
		{BF44227E-0CF3-4811-AB3F-D3A82586A55F}.Release|Any CPU.ActiveCfg = Release|Any CPU
		{BF44227E-0CF3-4811-AB3F-D3A82586A55F}.Release|Any CPU.Build.0 = Release|Any CPU
		{F514ADB7-4B92-4383-8D3B-7DA57E1E6435}.Debug|Any CPU.ActiveCfg = Debug|Any CPU
		{F514ADB7-4B92-4383-8D3B-7DA57E1E6435}.Debug|Any CPU.Build.0 = Debug|Any CPU
		{F514ADB7-4B92-4383-8D3B-7DA57E1E6435}.Release|Any CPU.ActiveCfg = Release|Any CPU
		{F514ADB7-4B92-4383-8D3B-7DA57E1E6435}.Release|Any CPU.Build.0 = Release|Any CPU
		{1C37A755-554C-4A44-8BBD-7D3ABDD25E88}.Debug|Any CPU.ActiveCfg = Debug|Any CPU
		{1C37A755-554C-4A44-8BBD-7D3ABDD25E88}.Debug|Any CPU.Build.0 = Debug|Any CPU
		{1C37A755-554C-4A44-8BBD-7D3ABDD25E88}.Release|Any CPU.ActiveCfg = Release|Any CPU
		{1C37A755-554C-4A44-8BBD-7D3ABDD25E88}.Release|Any CPU.Build.0 = Release|Any CPU
		{8FE26A4D-FB28-4947-A8AF-E8FE19E988C5}.Debug|Any CPU.ActiveCfg = Debug|Any CPU
		{8FE26A4D-FB28-4947-A8AF-E8FE19E988C5}.Debug|Any CPU.Build.0 = Debug|Any CPU
		{8FE26A4D-FB28-4947-A8AF-E8FE19E988C5}.Release|Any CPU.ActiveCfg = Release|Any CPU
		{8FE26A4D-FB28-4947-A8AF-E8FE19E988C5}.Release|Any CPU.Build.0 = Release|Any CPU
		{35D265B0-5305-4465-A816-D60F3FAE2292}.Debug|Any CPU.ActiveCfg = Debug|Any CPU
		{35D265B0-5305-4465-A816-D60F3FAE2292}.Debug|Any CPU.Build.0 = Debug|Any CPU
		{35D265B0-5305-4465-A816-D60F3FAE2292}.Release|Any CPU.ActiveCfg = Release|Any CPU
		{35D265B0-5305-4465-A816-D60F3FAE2292}.Release|Any CPU.Build.0 = Release|Any CPU
	EndGlobalSection
	GlobalSection(SolutionProperties) = preSolution
		HideSolutionNode = FALSE
	EndGlobalSection
EndGlobal
